
Microsoft Visual Studio Solution File, Format Version 12.00
# Visual Studio Version 17
VisualStudioVersion = 17.3.32929.385
MinimumVisualStudioVersion = 10.0.40219.1
Project("{9A19103F-16F7-4668-BE54-9A1E7A4F7556}") = "Weather.Models", "Weather.Models\Weather.Models.csproj", "{5A37BE8B-E16B-4D87-BF80-95516A0DDF18}"
EndProject
Project("{9A19103F-16F7-4668-BE54-9A1E7A4F7556}") = "Weather.WebApi", "Weather.WebApi\Weather.WebApi.csproj", "{41087681-63B8-48A5-8658-987132A5D291}"
EndProject
Project("{9A19103F-16F7-4668-BE54-9A1E7A4F7556}") = "Weather.WeatherHttpClient", "Weather.WeatherHttpClient\Weather.WeatherHttpClient.csproj", "{E29B6629-6F55-4134-943D-44DBCCE2164E}"
EndProject
Project("{FAE04EC0-301F-11D3-BF4B-00C04F79EFBC}") = "WorkerService", "WorkerService\WorkerService.csproj", "{0AAA042F-8431-421A-8D75-11F71900A4C5}"
EndProject
Global
	GlobalSection(SolutionConfigurationPlatforms) = preSolution
		Debug|Any CPU = Debug|Any CPU
		Release|Any CPU = Release|Any CPU
	EndGlobalSection
	GlobalSection(ProjectConfigurationPlatforms) = postSolution
		{5A37BE8B-E16B-4D87-BF80-95516A0DDF18}.Debug|Any CPU.ActiveCfg = Debug|Any CPU
		{5A37BE8B-E16B-4D87-BF80-95516A0DDF18}.Debug|Any CPU.Build.0 = Debug|Any CPU
		{5A37BE8B-E16B-4D87-BF80-95516A0DDF18}.Release|Any CPU.ActiveCfg = Release|Any CPU
		{5A37BE8B-E16B-4D87-BF80-95516A0DDF18}.Release|Any CPU.Build.0 = Release|Any CPU
		{41087681-63B8-48A5-8658-987132A5D291}.Debug|Any CPU.ActiveCfg = Debug|Any CPU
		{41087681-63B8-48A5-8658-987132A5D291}.Debug|Any CPU.Build.0 = Debug|Any CPU
		{41087681-63B8-48A5-8658-987132A5D291}.Release|Any CPU.ActiveCfg = Release|Any CPU
		{41087681-63B8-48A5-8658-987132A5D291}.Release|Any CPU.Build.0 = Release|Any CPU
		{E29B6629-6F55-4134-943D-44DBCCE2164E}.Debug|Any CPU.ActiveCfg = Debug|Any CPU
		{E29B6629-6F55-4134-943D-44DBCCE2164E}.Debug|Any CPU.Build.0 = Debug|Any CPU
		{E29B6629-6F55-4134-943D-44DBCCE2164E}.Release|Any CPU.ActiveCfg = Release|Any CPU
		{E29B6629-6F55-4134-943D-44DBCCE2164E}.Release|Any CPU.Build.0 = Release|Any CPU
		{0AAA042F-8431-421A-8D75-11F71900A4C5}.Debug|Any CPU.ActiveCfg = Debug|Any CPU
		{0AAA042F-8431-421A-8D75-11F71900A4C5}.Debug|Any CPU.Build.0 = Debug|Any CPU
		{0AAA042F-8431-421A-8D75-11F71900A4C5}.Release|Any CPU.ActiveCfg = Release|Any CPU
		{0AAA042F-8431-421A-8D75-11F71900A4C5}.Release|Any CPU.Build.0 = Release|Any CPU
	EndGlobalSection
	GlobalSection(SolutionProperties) = preSolution
		HideSolutionNode = FALSE
	EndGlobalSection
	GlobalSection(ExtensibilityGlobals) = postSolution
		SolutionGuid = {D7268819-5537-48B2-AB75-1BECC347479A}
	EndGlobalSection
EndGlobal
